# THIS IS AN AUTOGENERATED FILE. DO NOT EDIT THIS FILE DIRECTLY.
# yarn lockfile v1


"@esbuild/win32-x64@0.18.20":
  version "0.18.20"
  resolved "https://registry.npmjs.org/@esbuild/win32-x64/-/win32-x64-0.18.20.tgz"
  integrity sha512-kTdfRcSiDfQca/y9QIkng02avJ+NCaQvrMejlsB3RRv5sE9rRoeBPISaZpKxHELzRxZyLvNts1P27W3wV+8geQ==

"@tauri-apps/api@^2.0.0-alpha.11":
  version "2.0.0-alpha.12"
  resolved "https://registry.npmjs.org/@tauri-apps/api/-/api-2.0.0-alpha.12.tgz"
  integrity sha512-acpNZQxFgHMHC5qV/IUg4IL/xmypzfxHB4ECkwb58fT48H4zBmklNd5TC0k7BvLUBoSmmgHc4InbYwQai392Yw==

"@tauri-apps/api@2.0.0-alpha.11":
  version "2.0.0-alpha.11"
  resolved "https://registry.npmjs.org/@tauri-apps/api/-/api-2.0.0-alpha.11.tgz"
  integrity sha512-aw7jic+MQAe/LH4fYhbd3bwx3YjXhDIwqKJIn5QO4yKmGdVURIhZSFcyeKkSe4P6Itdto0Pcz99vLfkgBwdQKw==

"@tauri-apps/cli-win32-x64-msvc@2.0.0-alpha.17":
  version "2.0.0-alpha.17"
  resolved "https://registry.npmjs.org/@tauri-apps/cli-win32-x64-msvc/-/cli-win32-x64-msvc-2.0.0-alpha.17.tgz"
  integrity sha512-+1stlGdRdiuyU+q1AlqieZhD2WpdLuP8EZxv2KbbjifLDt6fg1FUrcocmpIa8qsrXue7vg2sTrWNuy4aq/v4bw==

"@tauri-apps/cli@^2.0.0-alpha.17":
  version "2.0.0-alpha.17"
  resolved "https://registry.npmjs.org/@tauri-apps/cli/-/cli-2.0.0-alpha.17.tgz"
  integrity sha512-fXz1KQzolqHY40bmNa/mzrdid4zlIaI/catXN8iqSO/1aNXNpLhg+6PWrwW5foiD7kJ6lgLlCtICW/1jRE5BZg==
  optionalDependencies:
    "@tauri-apps/cli-darwin-arm64" "2.0.0-alpha.17"
    "@tauri-apps/cli-darwin-x64" "2.0.0-alpha.17"
    "@tauri-apps/cli-linux-arm-gnueabihf" "2.0.0-alpha.17"
    "@tauri-apps/cli-linux-arm64-gnu" "2.0.0-alpha.17"
    "@tauri-apps/cli-linux-arm64-musl" "2.0.0-alpha.17"
    "@tauri-apps/cli-linux-x64-gnu" "2.0.0-alpha.17"
    "@tauri-apps/cli-linux-x64-musl" "2.0.0-alpha.17"
    "@tauri-apps/cli-win32-arm64-msvc" "2.0.0-alpha.17"
    "@tauri-apps/cli-win32-ia32-msvc" "2.0.0-alpha.17"
    "@tauri-apps/cli-win32-x64-msvc" "2.0.0-alpha.17"

"@tauri-apps/plugin-shell@^2.0.0-alpha.3":
  version "2.0.0-alpha.3"
  resolved "https://registry.npmjs.org/@tauri-apps/plugin-shell/-/plugin-shell-2.0.0-alpha.3.tgz"
  integrity sha512-v4qLTE9DfzpYdcjZq3ASOC7gFtMtzIDWN5Bo2FheB+pHQvDRq8mrP8gTdkL4/9pQaOFlB0B+MKCwANYhD1jLEQ==
  dependencies:
    "@tauri-apps/api" "2.0.0-alpha.11"

csv-generate@^4.3.0:
  version "4.3.0"
  resolved "https://registry.npmjs.org/csv-generate/-/csv-generate-4.3.0.tgz"
  integrity sha512-7KdVId/2RgwPIKfWHaHtjBq7I9mgdi8ICzsUyIhP8is6UwpwVGGSC/aPnrZ8/SkgBcCP20lXrdPuP64Irs1VBg==

csv-parse@^5.5.2:
  version "5.5.2"
  resolved "https://registry.npmjs.org/csv-parse/-/csv-parse-5.5.2.tgz"
  integrity sha512-YRVtvdtUNXZCMyK5zd5Wty1W6dNTpGKdqQd4EQ8tl/c6KW1aMBB1Kg1ppky5FONKmEqGJ/8WjLlTNLPne4ioVA==

csv-stringify@^6.4.4:
  version "6.4.4"
  resolved "https://registry.npmjs.org/csv-stringify/-/csv-stringify-6.4.4.tgz"
  integrity sha512-NDshLupGa7gp4UG4sSNIqwYJqgSwvds0SvENntxoVoVvTzXcrHvd5gG2MWpbRpSNvk59dlmIe1IwNvSxN4IVmg==

csv@^6.3.5:
  version "6.3.5"
  resolved "https://registry.npmjs.org/csv/-/csv-6.3.5.tgz"
  integrity sha512-Y+KTCAUljtq2JaGP42ZL1bymqlU5BkfnFpZhxRczGFDZox2VXhlRHnG5DRshyUrwQzmCdEiLjSqNldCfm1OVCA==
  dependencies:
    csv-generate "^4.3.0"
    csv-parse "^5.5.2"
    csv-stringify "^6.4.4"
    stream-transform "^3.2.10"

esbuild@^0.18.10:
  version "0.18.20"
  resolved "https://registry.npmjs.org/esbuild/-/esbuild-0.18.20.tgz"
  integrity sha512-ceqxoedUrcayh7Y7ZX6NdbbDzGROiyVBgC4PriJThBKSVPWnnFHZAkfI1lJT8QFkOwH4qOS2SJkS4wvpGl8BpA==
  optionalDependencies:
    "@esbuild/android-arm" "0.18.20"
    "@esbuild/android-arm64" "0.18.20"
    "@esbuild/android-x64" "0.18.20"
    "@esbuild/darwin-arm64" "0.18.20"
    "@esbuild/darwin-x64" "0.18.20"
    "@esbuild/freebsd-arm64" "0.18.20"
    "@esbuild/freebsd-x64" "0.18.20"
    "@esbuild/linux-arm" "0.18.20"
    "@esbuild/linux-arm64" "0.18.20"
    "@esbuild/linux-ia32" "0.18.20"
    "@esbuild/linux-loong64" "0.18.20"
    "@esbuild/linux-mips64el" "0.18.20"
    "@esbuild/linux-ppc64" "0.18.20"
    "@esbuild/linux-riscv64" "0.18.20"
    "@esbuild/linux-s390x" "0.18.20"
    "@esbuild/linux-x64" "0.18.20"
    "@esbuild/netbsd-x64" "0.18.20"
    "@esbuild/openbsd-x64" "0.18.20"
    "@esbuild/sunos-x64" "0.18.20"
    "@esbuild/win32-arm64" "0.18.20"
    "@esbuild/win32-ia32" "0.18.20"
    "@esbuild/win32-x64" "0.18.20"

nanoid@^3.3.6:
  version "3.3.7"
  resolved "https://registry.npmjs.org/nanoid/-/nanoid-3.3.7.tgz"
  integrity sha512-eSRppjcPIatRIMC1U6UngP8XFcz8MQWGQdt1MTBQ7NaAmvXDfvNxbvWV3x2y6CdEUciCSsDHDQZbhYaB8QEo2g==

picocolors@^1.0.0:
  version "1.0.0"
  resolved "https://registry.npmjs.org/picocolors/-/picocolors-1.0.0.tgz"
  integrity sha512-1fygroTLlHu66zi26VoTDv8yRgm0Fccecssto+MhsZ0D/DGW2sm8E8AjW7NU5VVTRt5GxbeZ5qBuJr+HyLYkjQ==

postcss@^8.4.27:
  version "8.4.31"
  resolved "https://registry.npmjs.org/postcss/-/postcss-8.4.31.tgz"
  integrity sha512-PS08Iboia9mts/2ygV3eLpY5ghnUcfLV/EXTOW1E2qYxJKGGBUtNjN76FYHnMs36RmARn41bC0AZmn+rR0OVpQ==
  dependencies:
    nanoid "^3.3.6"
    picocolors "^1.0.0"
    source-map-js "^1.0.2"

rollup@^3.27.1:
  version "3.29.4"
  resolved "https://registry.npmjs.org/rollup/-/rollup-3.29.4.tgz"
  integrity sha512-oWzmBZwvYrU0iJHtDmhsm662rC15FRXmcjCk1xD771dFDx5jJ02ufAQQTn0etB2emNk4J9EZg/yWKpsn9BWGRw==
  optionalDependencies:
    fsevents "~2.3.2"

source-map-js@^1.0.2:
  version "1.0.2"
  resolved "https://registry.npmjs.org/source-map-js/-/source-map-js-1.0.2.tgz"
  integrity sha512-R0XvVJ9WusLiqTCEiGCmICCMplcCkIwwR11mOSD9CR5u+IXYdiseeEuXCVAjS54zqwkLcPNnmU4OeJ6tUrWhDw==

stream-transform@^3.2.10:
  version "3.2.10"
  resolved "https://registry.npmjs.org/stream-transform/-/stream-transform-3.2.10.tgz"
  integrity sha512-Yu+x7zcWbWdyB0Td8dFzHt2JEyD6694CNq2lqh1rbuEBVxPtjb/GZ7xDnZcdYiU5E/RtufM54ClSEOzZDeWguA==

typescript@^5.0.2:
  version "5.3.2"
  resolved "https://registry.npmjs.org/typescript/-/typescript-5.3.2.tgz"
  integrity sha512-6l+RyNy7oAHDfxC4FzSJcz9vnjTKxrLpDG5M2Vu4SHRVNg6xzqZp6LYSR9zjqQTu8DU/f5xwxUdADOkbrIX2gQ==

vite@^4.4.4:
  version "4.5.0"
  resolved "https://registry.npmjs.org/vite/-/vite-4.5.0.tgz"
  integrity sha512-ulr8rNLA6rkyFAlVWw2q5YJ91v098AFQ2R0PRFwPzREXOUJQPtFUG0t+/ZikhaOCDqFoDhN6/v8Sq0o4araFAw==
  dependencies:
    esbuild "^0.18.10"
    postcss "^8.4.27"
    rollup "^3.27.1"
  optionalDependencies:
    fsevents "~2.3.2"
